// !$*UTF8*$!
{
	archiveVersion = 1;
	classes = {
	};
	objectVersion = 56;
	objects = {

/* Begin PBXBuildFile section */
		369206FA298D65A10001B203 /* AppDelegate.swift in Sources */ = {isa = PBXBuildFile; fileRef = 369206F9298D65A10001B203 /* AppDelegate.swift */; };
		369206FC298D65A10001B203 /* SceneDelegate.swift in Sources */ = {isa = PBXBuildFile; fileRef = 369206FB298D65A10001B203 /* SceneDelegate.swift */; };
		369206FE298D65A10001B203 /* ViewController.swift in Sources */ = {isa = PBXBuildFile; fileRef = 369206FD298D65A10001B203 /* ViewController.swift */; };
		36920701298D65A10001B203 /* Main.storyboard in Resources */ = {isa = PBXBuildFile; fileRef = 369206FF298D65A10001B203 /* Main.storyboard */; };
		36920703298D65A30001B203 /* Assets.xcassets in Resources */ = {isa = PBXBuildFile; fileRef = 36920702298D65A30001B203 /* Assets.xcassets */; };
		36920706298D65A30001B203 /* LaunchScreen.storyboard in Resources */ = {isa = PBXBuildFile; fileRef = 36920704298D65A30001B203 /* LaunchScreen.storyboard */; };
		3692070E298E88A50001B203 /* APICall.swift in Sources */ = {isa = PBXBuildFile; fileRef = 3692070D298E88A50001B203 /* APICall.swift */; };
		3699EE1C298EAC6800B966FE /* Models.swift in Sources */ = {isa = PBXBuildFile; fileRef = 3699EE1B298EAC6800B966FE /* Models.swift */; };
		3699EE1E298ED6C600B966FE /* NewsTableViewCell.swift in Sources */ = {isa = PBXBuildFile; fileRef = 3699EE1D298ED6C600B966FE /* NewsTableViewCell.swift */; };
		3699EE22298F835800B966FE /* NewsWindowViewController.swift in Sources */ = {isa = PBXBuildFile; fileRef = 3699EE21298F835800B966FE /* NewsWindowViewController.swift */; };
		3699EE24298F9C3100B966FE /* TESTViewController.swift in Sources */ = {isa = PBXBuildFile; fileRef = 3699EE23298F9C3100B966FE /* TESTViewController.swift */; };
/* End PBXBuildFile section */

/* Begin PBXFileReference section */
		369206F6298D65A10001B203 /* Tinkoff_test.app */ = {isa = PBXFileReference; explicitFileType = wrapper.application; includeInIndex = 0; path = Tinkoff_test.app; sourceTree = BUILT_PRODUCTS_DIR; };
		369206F9298D65A10001B203 /* AppDelegate.swift */ = {isa = PBXFileReference; lastKnownFileType = sourcecode.swift; path = AppDelegate.swift; sourceTree = "<group>"; };
		369206FB298D65A10001B203 /* SceneDelegate.swift */ = {isa = PBXFileReference; lastKnownFileType = sourcecode.swift; path = SceneDelegate.swift; sourceTree = "<group>"; };
		369206FD298D65A10001B203 /* ViewController.swift */ = {isa = PBXFileReference; lastKnownFileType = sourcecode.swift; path = ViewController.swift; sourceTree = "<group>"; };
		36920700298D65A10001B203 /* Base */ = {isa = PBXFileReference; lastKnownFileType = file.storyboard; name = Base; path = Base.lproj/Main.storyboard; sourceTree = "<group>"; };
		36920702298D65A30001B203 /* Assets.xcassets */ = {isa = PBXFileReference; lastKnownFileType = folder.assetcatalog; path = Assets.xcassets; sourceTree = "<group>"; };
		36920705298D65A30001B203 /* Base */ = {isa = PBXFileReference; lastKnownFileType = file.storyboard; name = Base; path = Base.lproj/LaunchScreen.storyboard; sourceTree = "<group>"; };
		36920707298D65A30001B203 /* Info.plist */ = {isa = PBXFileReference; lastKnownFileType = text.plist.xml; path = Info.plist; sourceTree = "<group>"; };
		3692070D298E88A50001B203 /* APICall.swift */ = {isa = PBXFileReference; lastKnownFileType = sourcecode.swift; path = APICall.swift; sourceTree = "<group>"; };
		3699EE1B298EAC6800B966FE /* Models.swift */ = {isa = PBXFileReference; lastKnownFileType = sourcecode.swift; path = Models.swift; sourceTree = "<group>"; };
		3699EE1D298ED6C600B966FE /* NewsTableViewCell.swift */ = {isa = PBXFileReference; lastKnownFileType = sourcecode.swift; path = NewsTableViewCell.swift; sourceTree = "<group>"; };
		3699EE21298F835800B966FE /* NewsWindowViewController.swift */ = {isa = PBXFileReference; lastKnownFileType = sourcecode.swift; path = NewsWindowViewController.swift; sourceTree = "<group>"; };
		3699EE23298F9C3100B966FE /* TESTViewController.swift */ = {isa = PBXFileReference; lastKnownFileType = sourcecode.swift; path = TESTViewController.swift; sourceTree = "<group>"; };
/* End PBXFileReference section */

/* Begin PBXFrameworksBuildPhase section */
		369206F3298D65A10001B203 /* Frameworks */ = {
			isa = PBXFrameworksBuildPhase;
			buildActionMask = 2147483647;
			files = (
			);
			runOnlyForDeploymentPostprocessing = 0;
		};
/* End PBXFrameworksBuildPhase section */

/* Begin PBXGroup section */
		369206ED298D65A10001B203 = {
			isa = PBXGroup;
			children = (
				369206F8298D65A10001B203 /* Tinkoff_test */,
				369206F7298D65A10001B203 /* Products */,
			);
			sourceTree = "<group>";
		};
		369206F7298D65A10001B203 /* Products */ = {
			isa = PBXGroup;
			children = (
				369206F6298D65A10001B203 /* Tinkoff_test.app */,
			);
			name = Products;
			sourceTree = "<group>";
		};
		369206F8298D65A10001B203 /* Tinkoff_test */ = {
			isa = PBXGroup;
			children = (
				369206F9298D65A10001B203 /* AppDelegate.swift */,
				369206FB298D65A10001B203 /* SceneDelegate.swift */,
				369206FD298D65A10001B203 /* ViewController.swift */,
				369206FF298D65A10001B203 /* Main.storyboard */,
				36920704298D65A30001B203 /* LaunchScreen.storyboard */,
				3692070D298E88A50001B203 /* APICall.swift */,
				3699EE1B298EAC6800B966FE /* Models.swift */,
				3699EE1D298ED6C600B966FE /* NewsTableViewCell.swift */,
				3699EE21298F835800B966FE /* NewsWindowViewController.swift */,
				36920702298D65A30001B203 /* Assets.xcassets */,
				36920707298D65A30001B203 /* Info.plist */,
				3699EE23298F9C3100B966FE /* TESTViewController.swift */,
			);
			path = Tinkoff_test;
			sourceTree = "<group>";
		};
/* End PBXGroup section */

/* Begin PBXNativeTarget section */
		369206F5298D65A10001B203 /* Tinkoff_test */ = {
			isa = PBXNativeTarget;
			buildConfigurationList = 3692070A298D65A30001B203 /* Build configuration list for PBXNativeTarget "Tinkoff_test" */;
			buildPhases = (
				369206F2298D65A10001B203 /* Sources */,
				369206F3298D65A10001B203 /* Frameworks */,
				369206F4298D65A10001B203 /* Resources */,
			);
			buildRules = (
			);
			dependencies = (
			);
			name = Tinkoff_test;
			productName = Tinkoff_test;
			productReference = 369206F6298D65A10001B203 /* Tinkoff_test.app */;
			productType = "com.apple.product-type.application";
		};
/* End PBXNativeTarget section */

/* Begin PBXProject section */
		369206EE298D65A10001B203 /* Project object */ = {
			isa = PBXProject;
			attributes = {
				BuildIndependentTargetsInParallel = 1;
				LastSwiftUpdateCheck = 1400;
				LastUpgradeCheck = 1400;
				TargetAttributes = {
					369206F5298D65A10001B203 = {
						CreatedOnToolsVersion = 14.0.1;
					};
				};
			};
			buildConfigurationList = 369206F1298D65A10001B203 /* Build configuration list for PBXProject "Tinkoff_test" */;
			compatibilityVersion = "Xcode 14.0";
			developmentRegion = en;
			hasScannedForEncodings = 0;
			knownRegions = (
				en,
				Base,
			);
			mainGroup = 369206ED298D65A10001B203;
			productRefGroup = 369206F7298D65A10001B203 /* Products */;
			projectDirPath = "";
			projectRoot = "";
			targets = (
				369206F5298D65A10001B203 /* Tinkoff_test */,
			);
		};
/* End PBXProject section */

/* Begin PBXResourcesBuildPhase section */
		369206F4298D65A10001B203 /* Resources */ = {
			isa = PBXResourcesBuildPhase;
			buildActionMask = 2147483647;
			files = (
				36920706298D65A30001B203 /* LaunchScreen.storyboard in Resources */,
				36920703298D65A30001B203 /* Assets.xcassets in Resources */,
				36920701298D65A10001B203 /* Main.storyboard in Resources */,
			);
			runOnlyForDeploymentPostprocessing = 0;
		};
/* End PBXResourcesBuildPhase section */

/* Begin PBXSourcesBuildPhase section */
		369206F2298D65A10001B203 /* Sources */ = {
			isa = PBXSourcesBuildPhase;
			buildActionMask = 2147483647;
			files = (
				369206FE298D65A10001B203 /* ViewController.swift in Sources */,
				369206FA298D65A10001B203 /* AppDelegate.swift in Sources */,
				3699EE24298F9C3100B966FE /* TESTViewController.swift in Sources */,
				3699EE22298F835800B966FE /* NewsWindowViewController.swift in Sources */,
				3699EE1E298ED6C600B966FE /* NewsTableViewCell.swift in Sources */,
				3692070E298E88A50001B203 /* APICall.swift in Sources */,
				369206FC298D65A10001B203 /* SceneDelegate.swift in Sources */,
				3699EE1C298EAC6800B966FE /* Models.swift in Sources */,
			);
			runOnlyForDeploymentPostprocessing = 0;
		};
/* End PBXSourcesBuildPhase section */

/* Begin PBXVariantGroup section */
		369206FF298D65A10001B203 /* Main.storyboard */ = {
			isa = PBXVariantGroup;
			children = (
				36920700298D65A10001B203 /* Base */,
			);
			name = Main.storyboard;
			sourceTree = "<group>";
		};
		36920704298D65A30001B203 /* LaunchScreen.storyboard */ = {
			isa = PBXVariantGroup;
			children = (
				36920705298D65A30001B203 /* Base */,
			);
			name = LaunchScreen.storyboard;
			sourceTree = "<group>";
		};
/* End PBXVariantGroup section */

/* Begin XCBuildConfiguration section */
		36920708298D65A30001B203 /* Debug */ = {
			isa = XCBuildConfiguration;
			buildSettings = {
				ALWAYS_SEARCH_USER_PATHS = NO;
				CLANG_ANALYZER_NONNULL = YES;
				CLANG_ANALYZER_NUMBER_OBJECT_CONVERSION = YES_AGGRESSIVE;
				CLANG_CXX_LANGUAGE_STANDARD = "gnu++20";
				CLANG_ENABLE_MODULES = YES;
				CLANG_ENABLE_OBJC_ARC = YES;
				CLANG_ENABLE_OBJC_WEAK = YES;
				CLANG_WARN_BLOCK_CAPTURE_AUTORELEASING = YES;
				CLANG_WARN_BOOL_CONVERSION = YES;
				CLANG_WARN_COMMA = YES;
				CLANG_WARN_CONSTANT_CONVERSION = YES;
				CLANG_WARN_DEPRECATED_OBJC_IMPLEMENTATIONS = YES;
				CLANG_WARN_DIRECT_OBJC_ISA_USAGE = YES_ERROR;
				CLANG_WARN_DOCUMENTATION_COMMENTS = YES;
				CLANG_WARN_EMPTY_BODY = YES;
				CLANG_WARN_ENUM_CONVERSION = YES;
				CLANG_WARN_INFINITE_RECURSION = YES;
				CLANG_WARN_INT_CONVERSION = YES;
				CLANG_WARN_NON_LITERAL_NULL_CONVERSION = YES;
				CLANG_WARN_OBJC_IMPLICIT_RETAIN_SELF = YES;
				CLANG_WARN_OBJC_LITERAL_CONVERSION = YES;
				CLANG_WARN_OBJC_ROOT_CLASS = YES_ERROR;
				CLANG_WARN_QUOTED_INCLUDE_IN_FRAMEWORK_HEADER = YES;
				CLANG_WARN_RANGE_LOOP_ANALYSIS = YES;
				CLANG_WARN_STRICT_PROTOTYPES = YES;
				CLANG_WARN_SUSPICIOUS_MOVE = YES;
				CLANG_WARN_UNGUARDED_AVAILABILITY = YES_AGGRESSIVE;
				CLANG_WARN_UNREACHABLE_CODE = YES;
				CLANG_WARN__DUPLICATE_METHOD_MATCH = YES;
				COPY_PHASE_STRIP = NO;
				DEBUG_INFORMATION_FORMAT = dwarf;
				ENABLE_STRICT_OBJC_MSGSEND = YES;
				ENABLE_TESTABILITY = YES;
				GCC_C_LANGUAGE_STANDARD = gnu11;
				GCC_DYNAMIC_NO_PIC = NO;
				GCC_NO_COMMON_BLOCKS = YES;
				GCC_OPTIMIZATION_LEVEL = 0;
				GCC_PREPROCESSOR_DEFINITIONS = (
					"DEBUG=1",
					"$(inherited)",
				);
				GCC_WARN_64_TO_32_BIT_CONVERSION = YES;
				GCC_WARN_ABOUT_RETURN_TYPE = YES_ERROR;
				GCC_WARN_UNDECLARED_SELECTOR = YES;
				GCC_WARN_UNINITIALIZED_AUTOS = YES_AGGRESSIVE;
				GCC_WARN_UNUSED_FUNCTION = YES;
				GCC_WARN_UNUSED_VARIABLE = YES;
				IPHONEOS_DEPLOYMENT_TARGET = 16.0;
				MTL_ENABLE_DEBUG_INFO = INCLUDE_SOURCE;
				MTL_FAST_MATH = YES;
				ONLY_ACTIVE_ARCH = YES;
				SDKROOT = iphoneos;
				SWIFT_ACTIVE_COMPILATION_CONDITIONS = DEBUG;
				SWIFT_OPTIMIZATION_LEVEL = "-Onone";
			};
			name = Debug;
		};
		36920709298D65A30001B203 /* Release */ = {
			isa = XCBuildConfiguration;
			buildSettings = {
				ALWAYS_SEARCH_USER_PATHS = NO;
				CLANG_ANALYZER_NONNULL = YES;
				CLANG_ANALYZER_NUMBER_OBJECT_CONVERSION = YES_AGGRESSIVE;
				CLANG_CXX_LANGUAGE_STANDARD = "gnu++20";
				CLANG_ENABLE_MODULES = YES;
				CLANG_ENABLE_OBJC_ARC = YES;
				CLANG_ENABLE_OBJC_WEAK = YES;
				CLANG_WARN_BLOCK_CAPTURE_AUTORELEASING = YES;
				CLANG_WARN_BOOL_CONVERSION = YES;
				CLANG_WARN_COMMA = YES;
				CLANG_WARN_CONSTANT_CONVERSION = YES;
				CLANG_WARN_DEPRECATED_OBJC_IMPLEMENTATIONS = YES;
				CLANG_WARN_DIRECT_OBJC_ISA_USAGE = YES_ERROR;
				CLANG_WARN_DOCUMENTATION_COMMENTS = YES;
				CLANG_WARN_EMPTY_BODY = YES;
				CLANG_WARN_ENUM_CONVERSION = YES;
				CLANG_WARN_INFINITE_RECURSION = YES;
				CLANG_WARN_INT_CONVERSION = YES;
				CLANG_WARN_NON_LITERAL_NULL_CONVERSION = YES;
				CLANG_WARN_OBJC_IMPLICIT_RETAIN_SELF = YES;
				CLANG_WARN_OBJC_LITERAL_CONVERSION = YES;
				CLANG_WARN_OBJC_ROOT_CLASS = YES_ERROR;
				CLANG_WARN_QUOTED_INCLUDE_IN_FRAMEWORK_HEADER = YES;
				CLANG_WARN_RANGE_LOOP_ANALYSIS = YES;
				CLANG_WARN_STRICT_PROTOTYPES = YES;
				CLANG_WARN_SUSPICIOUS_MOVE = YES;
				CLANG_WARN_UNGUARDED_AVAILABILITY = YES_AGGRESSIVE;
				CLANG_WARN_UNREACHABLE_CODE = YES;
				CLANG_WARN__DUPLICATE_METHOD_MATCH = YES;
				COPY_PHASE_STRIP = NO;
				DEBUG_INFORMATION_FORMAT = "dwarf-with-dsym";
				ENABLE_NS_ASSERTIONS = NO;
				ENABLE_STRICT_OBJC_MSGSEND = YES;
				GCC_C_LANGUAGE_STANDARD = gnu11;
				GCC_NO_COMMON_BLOCKS = YES;
				GCC_WARN_64_TO_32_BIT_CONVERSION = YES;
				GCC_WARN_ABOUT_RETURN_TYPE = YES_ERROR;
				GCC_WARN_UNDECLARED_SELECTOR = YES;
				GCC_WARN_UNINITIALIZED_AUTOS = YES_AGGRESSIVE;
				GCC_WARN_UNUSED_FUNCTION = YES;
				GCC_WARN_UNUSED_VARIABLE = YES;
				IPHONEOS_DEPLOYMENT_TARGET = 16.0;
				MTL_ENABLE_DEBUG_INFO = NO;
				MTL_FAST_MATH = YES;
				SDKROOT = iphoneos;
				SWIFT_COMPILATION_MODE = wholemodule;
				SWIFT_OPTIMIZATION_LEVEL = "-O";
				VALIDATE_PRODUCT = YES;
			};
			name = Release;
		};
		3692070B298D65A30001B203 /* Debug */ = {
			isa = XCBuildConfiguration;
			buildSettings = {
				ASSETCATALOG_COMPILER_APPICON_NAME = AppIcon;
				ASSETCATALOG_COMPILER_GLOBAL_ACCENT_COLOR_NAME = AccentColor;
				CODE_SIGN_STYLE = Automatic;
				CURRENT_PROJECT_VERSION = 1;
				GENERATE_INFOPLIST_FILE = YES;
				INFOPLIST_FILE = Tinkoff_test/Info.plist;
				INFOPLIST_KEY_UIApplicationSupportsIndirectInputEvents = YES;
				INFOPLIST_KEY_UILaunchStoryboardName = LaunchScreen;
				INFOPLIST_KEY_UIMainStoryboardFile = Main;
				INFOPLIST_KEY_UISupportedInterfaceOrientations_iPad = "UIInterfaceOrientationPortrait UIInterfaceOrientationPortraitUpsideDown UIInterfaceOrientationLandscapeLeft UIInterfaceOrientationLandscapeRight";
				INFOPLIST_KEY_UISupportedInterfaceOrientations_iPhone = "UIInterfaceOrientationPortrait UIInterfaceOrientationLandscapeLeft UIInterfaceOrientationLandscapeRight";
				LD_RUNPATH_SEARCH_PATHS = (
					"$(inherited)",
					"@executable_path/Frameworks",
				);
				MARKETING_VERSION = 1.0;
				PRODUCT_BUNDLE_IDENTIFIER = "surfg.Tinkoff-test";
				PRODUCT_NAME = "$(TARGET_NAME)";
				SWIFT_EMIT_LOC_STRINGS = YES;
				SWIFT_VERSION = 5.0;
				TARGETED_DEVICE_FAMILY = "1,2";
			};
			name = Debug;
		};
		3692070C298D65A30001B203 /* Release */ = {
			isa = XCBuildConfiguration;
			buildSettings = {
				ASSETCATALOG_COMPILER_APPICON_NAME = AppIcon;
				ASSETCATALOG_COMPILER_GLOBAL_ACCENT_COLOR_NAME = AccentColor;
				CODE_SIGN_STYLE = Automatic;
				CURRENT_PROJECT_VERSION = 1;
				GENERATE_INFOPLIST_FILE = YES;
				INFOPLIST_FILE = Tinkoff_test/Info.plist;
				INFOPLIST_KEY_UIApplicationSupportsIndirectInputEvents = YES;
				INFOPLIST_KEY_UILaunchStoryboardName = LaunchScreen;
				INFOPLIST_KEY_UIMainStoryboardFile = Main;
				INFOPLIST_KEY_UISupportedInterfaceOrientations_iPad = "UIInterfaceOrientationPortrait UIInterfaceOrientationPortraitUpsideDown UIInterfaceOrientationLandscapeLeft UIInterfaceOrientationLandscapeRight";
				INFOPLIST_KEY_UISupportedInterfaceOrientations_iPhone = "UIInterfaceOrientationPortrait UIInterfaceOrientationLandscapeLeft UIInterfaceOrientationLandscapeRight";
				LD_RUNPATH_SEARCH_PATHS = (
					"$(inherited)",
					"@executable_path/Frameworks",
				);
				MARKETING_VERSION = 1.0;
				PRODUCT_BUNDLE_IDENTIFIER = "surfg.Tinkoff-test";
				PRODUCT_NAME = "$(TARGET_NAME)";
				SWIFT_EMIT_LOC_STRINGS = YES;
				SWIFT_VERSION = 5.0;
				TARGETED_DEVICE_FAMILY = "1,2";
			};
			name = Release;
		};
/* End XCBuildConfiguration section */

/* Begin XCConfigurationList section */
		369206F1298D65A10001B203 /* Build configuration list for PBXProject "Tinkoff_test" */ = {
			isa = XCConfigurationList;
			buildConfigurations = (
				36920708298D65A30001B203 /* Debug */,
				36920709298D65A30001B203 /* Release */,
			);
			defaultConfigurationIsVisible = 0;
			defaultConfigurationName = Release;
		};
		3692070A298D65A30001B203 /* Build configuration list for PBXNativeTarget "Tinkoff_test" */ = {
			isa = XCConfigurationList;
			buildConfigurations = (
				3692070B298D65A30001B203 /* Debug */,
				3692070C298D65A30001B203 /* Release */,
			);
			defaultConfigurationIsVisible = 0;
			defaultConfigurationName = Release;
		};
/* End XCConfigurationList section */
	};
	rootObject = 369206EE298D65A10001B203 /* Project object */;
}
